
Microsoft Visual Studio Solution File, Format Version 12.00
# Visual Studio Version 17
VisualStudioVersion = 17.5.33424.131
MinimumVisualStudioVersion = 10.0.40219.1
Project("{2150E333-8FDC-42A3-9474-1A3956D46DE8}") = "Application", "Application", "{431FA1C4-4AC8-4EE7-B1A0-A5680316E812}"
EndProject
Project("{2150E333-8FDC-42A3-9474-1A3956D46DE8}") = "Domain", "Domain", "{F195997F-D3DA-49A6-9B08-426334CEAF18}"
EndProject
Project("{2150E333-8FDC-42A3-9474-1A3956D46DE8}") = "Infraestructure", "Infraestructure", "{CA9605B6-AB74-4D76-B9C8-A4BAE1FFBB83}"
EndProject
Project("{2150E333-8FDC-42A3-9474-1A3956D46DE8}") = "Services", "Services", "{43F4B30C-3E8A-4F3B-A5FA-EA10ED6A8DD0}"
EndProject
Project("{2150E333-8FDC-42A3-9474-1A3956D46DE8}") = "Utilities", "Utilities", "{53F3436F-D3C0-414A-AE72-51678AA65026}"
EndProject
Project("{FAE04EC0-301F-11D3-BF4B-00C04F79EFBC}") = "CLINICAL.Domain", "src\CLINICAL.Domain\CLINICAL.Domain.csproj", "{9DC45F8B-36A4-48E9-A6E5-1E9925482A05}"
EndProject
Project("{FAE04EC0-301F-11D3-BF4B-00C04F79EFBC}") = "CLINICAL.Infraestructure", "src\CLINICAL.Infraestructure\CLINICAL.Infraestructure.csproj", "{0900AAB1-27FD-473D-9466-B86CE1CD29D5}"
EndProject
Project("{FAE04EC0-301F-11D3-BF4B-00C04F79EFBC}") = "CLINICAL.Persistence", "src\CLINICAL.Persistence\CLINICAL.Persistence.csproj", "{EC3022F1-5F46-451E-89AF-B60BFEB53009}"
EndProject
Project("{FAE04EC0-301F-11D3-BF4B-00C04F79EFBC}") = "CLINICAL.Application.Dtos", "src\CLINICAL.Application.Dtos\CLINICAL.Application.Dtos.csproj", "{7062B14D-2F1F-4C69-A203-D07A221D42DD}"
EndProject
Project("{FAE04EC0-301F-11D3-BF4B-00C04F79EFBC}") = "CLINICAL.Application.UseCase", "src\CLINICAL.Application.UseCase\CLINICAL.Application.UseCase.csproj", "{E6595011-C724-4E7D-BAE7-6B059976BDE1}"
EndProject
Project("{FAE04EC0-301F-11D3-BF4B-00C04F79EFBC}") = "CLINICAL.Application.Interface", "src\CLINICAL.Application.Interface\CLINICAL.Application.Interface.csproj", "{17D2675E-F462-4152-BA10-1A52EB24A567}"
EndProject
Project("{FAE04EC0-301F-11D3-BF4B-00C04F79EFBC}") = "CLINICAL.Api", "src\CLINICAL.Api\CLINICAL.Api.csproj", "{6CF21885-7AFC-436B-BB50-8338BBCC5829}"
EndProject
Project("{FAE04EC0-301F-11D3-BF4B-00C04F79EFBC}") = "CLINICAL.Utilities", "src\CLINICAL.Utilities\CLINICAL.Utilities.csproj", "{65EEF006-25AC-4F2B-8CD4-27EA1CE91204}"
EndProject
Global
	GlobalSection(SolutionConfigurationPlatforms) = preSolution
		Debug|Any CPU = Debug|Any CPU
		Release|Any CPU = Release|Any CPU
	EndGlobalSection
	GlobalSection(ProjectConfigurationPlatforms) = postSolution
		{9DC45F8B-36A4-48E9-A6E5-1E9925482A05}.Debug|Any CPU.ActiveCfg = Debug|Any CPU
		{9DC45F8B-36A4-48E9-A6E5-1E9925482A05}.Debug|Any CPU.Build.0 = Debug|Any CPU
		{9DC45F8B-36A4-48E9-A6E5-1E9925482A05}.Release|Any CPU.ActiveCfg = Release|Any CPU
		{9DC45F8B-36A4-48E9-A6E5-1E9925482A05}.Release|Any CPU.Build.0 = Release|Any CPU
		{0900AAB1-27FD-473D-9466-B86CE1CD29D5}.Debug|Any CPU.ActiveCfg = Debug|Any CPU
		{0900AAB1-27FD-473D-9466-B86CE1CD29D5}.Debug|Any CPU.Build.0 = Debug|Any CPU
		{0900AAB1-27FD-473D-9466-B86CE1CD29D5}.Release|Any CPU.ActiveCfg = Release|Any CPU
		{0900AAB1-27FD-473D-9466-B86CE1CD29D5}.Release|Any CPU.Build.0 = Release|Any CPU
		{EC3022F1-5F46-451E-89AF-B60BFEB53009}.Debug|Any CPU.ActiveCfg = Debug|Any CPU
		{EC3022F1-5F46-451E-89AF-B60BFEB53009}.Debug|Any CPU.Build.0 = Debug|Any CPU
		{EC3022F1-5F46-451E-89AF-B60BFEB53009}.Release|Any CPU.ActiveCfg = Release|Any CPU
		{EC3022F1-5F46-451E-89AF-B60BFEB53009}.Release|Any CPU.Build.0 = Release|Any CPU
		{7062B14D-2F1F-4C69-A203-D07A221D42DD}.Debug|Any CPU.ActiveCfg = Debug|Any CPU
		{7062B14D-2F1F-4C69-A203-D07A221D42DD}.Debug|Any CPU.Build.0 = Debug|Any CPU
		{7062B14D-2F1F-4C69-A203-D07A221D42DD}.Release|Any CPU.ActiveCfg = Release|Any CPU
		{7062B14D-2F1F-4C69-A203-D07A221D42DD}.Release|Any CPU.Build.0 = Release|Any CPU
		{E6595011-C724-4E7D-BAE7-6B059976BDE1}.Debug|Any CPU.ActiveCfg = Debug|Any CPU
		{E6595011-C724-4E7D-BAE7-6B059976BDE1}.Debug|Any CPU.Build.0 = Debug|Any CPU
		{E6595011-C724-4E7D-BAE7-6B059976BDE1}.Release|Any CPU.ActiveCfg = Release|Any CPU
		{E6595011-C724-4E7D-BAE7-6B059976BDE1}.Release|Any CPU.Build.0 = Release|Any CPU
		{17D2675E-F462-4152-BA10-1A52EB24A567}.Debug|Any CPU.ActiveCfg = Debug|Any CPU
		{17D2675E-F462-4152-BA10-1A52EB24A567}.Debug|Any CPU.Build.0 = Debug|Any CPU
		{17D2675E-F462-4152-BA10-1A52EB24A567}.Release|Any CPU.ActiveCfg = Release|Any CPU
		{17D2675E-F462-4152-BA10-1A52EB24A567}.Release|Any CPU.Build.0 = Release|Any CPU
		{6CF21885-7AFC-436B-BB50-8338BBCC5829}.Debug|Any CPU.ActiveCfg = Debug|Any CPU
		{6CF21885-7AFC-436B-BB50-8338BBCC5829}.Debug|Any CPU.Build.0 = Debug|Any CPU
		{6CF21885-7AFC-436B-BB50-8338BBCC5829}.Release|Any CPU.ActiveCfg = Release|Any CPU
		{6CF21885-7AFC-436B-BB50-8338BBCC5829}.Release|Any CPU.Build.0 = Release|Any CPU
		{65EEF006-25AC-4F2B-8CD4-27EA1CE91204}.Debug|Any CPU.ActiveCfg = Debug|Any CPU
		{65EEF006-25AC-4F2B-8CD4-27EA1CE91204}.Debug|Any CPU.Build.0 = Debug|Any CPU
		{65EEF006-25AC-4F2B-8CD4-27EA1CE91204}.Release|Any CPU.ActiveCfg = Release|Any CPU
		{65EEF006-25AC-4F2B-8CD4-27EA1CE91204}.Release|Any CPU.Build.0 = Release|Any CPU
	EndGlobalSection
	GlobalSection(SolutionProperties) = preSolution
		HideSolutionNode = FALSE
	EndGlobalSection
	GlobalSection(NestedProjects) = preSolution
		{9DC45F8B-36A4-48E9-A6E5-1E9925482A05} = {F195997F-D3DA-49A6-9B08-426334CEAF18}
		{0900AAB1-27FD-473D-9466-B86CE1CD29D5} = {CA9605B6-AB74-4D76-B9C8-A4BAE1FFBB83}
		{EC3022F1-5F46-451E-89AF-B60BFEB53009} = {CA9605B6-AB74-4D76-B9C8-A4BAE1FFBB83}
		{7062B14D-2F1F-4C69-A203-D07A221D42DD} = {431FA1C4-4AC8-4EE7-B1A0-A5680316E812}
		{E6595011-C724-4E7D-BAE7-6B059976BDE1} = {431FA1C4-4AC8-4EE7-B1A0-A5680316E812}
		{17D2675E-F462-4152-BA10-1A52EB24A567} = {431FA1C4-4AC8-4EE7-B1A0-A5680316E812}
		{6CF21885-7AFC-436B-BB50-8338BBCC5829} = {43F4B30C-3E8A-4F3B-A5FA-EA10ED6A8DD0}
		{65EEF006-25AC-4F2B-8CD4-27EA1CE91204} = {53F3436F-D3C0-414A-AE72-51678AA65026}
	EndGlobalSection
	GlobalSection(ExtensibilityGlobals) = postSolution
		SolutionGuid = {B63F4238-7FEF-40E8-BB98-C5677788E048}
	EndGlobalSection
EndGlobal
